
Microsoft Visual Studio Solution File, Format Version 12.00
# Visual Studio Version 17
VisualStudioVersion = 17.0.31606.5
MinimumVisualStudioVersion = 10.0.40219.1
Project("{8BC9CEB8-8B4A-11D0-8D11-00A0C91BC942}") = "blxtract", "blxtract.vcxproj", "{2F131099-1B95-4F94-872D-30028206E3D6}"
EndProject
Global
	GlobalSection(SolutionConfigurationPlatforms) = preSolution
		Debug|x64 = Debug|x64
		Debug|x86 = Debug|x86
		Release|x64 = Release|x64
		Release|x86 = Release|x86
	EndGlobalSection
	GlobalSection(ProjectConfigurationPlatforms) = postSolution
		{2F131099-1B95-4F94-872D-30028206E3D6}.Debug|x64.ActiveCfg = Debug|x64
		{2F131099-1B95-4F94-872D-30028206E3D6}.Debug|x64.Build.0 = Debug|x64
		{2F131099-1B95-4F94-872D-30028206E3D6}.Debug|x86.ActiveCfg = Debug|Win32
		{2F131099-1B95-4F94-872D-30028206E3D6}.Debug|x86.Build.0 = Debug|Win32
		{2F131099-1B95-4F94-872D-30028206E3D6}.Release|x64.ActiveCfg = Release|x64
		{2F131099-1B95-4F94-872D-30028206E3D6}.Release|x64.Build.0 = Release|x64
		{2F131099-1B95-4F94-872D-30028206E3D6}.Release|x86.ActiveCfg = Release|Win32
		{2F131099-1B95-4F94-872D-30028206E3D6}.Release|x86.Build.0 = Release|Win32
	EndGlobalSection
	GlobalSection(SolutionProperties) = preSolution
		HideSolutionNode = FALSE
	EndGlobalSection
	GlobalSection(ExtensibilityGlobals) = postSolution
		SolutionGuid = {8453A0BB-7938-474A-804D-6C823D14B8C4}
	EndGlobalSection
EndGlobal
